{
  "version": 4,
  "terraform_version": "1.3.6",
  "serial": 3,
  "lineage": "464b4089-5ffb-0e0f-4e9c-ec1df8148778",
  "outputs": {},
  "resources": [
    {
      "mode": "managed",
      "type": "azurerm_resource_group",
      "name": "terraformrgname1",
      "provider": "provider[\"registry.terraform.io/hashicorp/azurerm\"]",
      "instances": [
        {
          "schema_version": 0,
          "attributes": {
            "id": "/subscriptions/7ada109a-12b9-4f5c-b56f-0cf93704589a/resourceGroups/resource-mahmut",
            "location": "eastus",
            "name": "resource-mahmut",
            "tags": {},
            "timeouts": null
          },
          "sensitive_attributes": [],
          "private": "eyJlMmJmYjczMC1lY2FhLTExZTYtOGY4OC0zNDM2M2JjN2M0YzAiOnsiY3JlYXRlIjo1NDAwMDAwMDAwMDAwLCJkZWxldGUiOjU0MDAwMDAwMDAwMDAsInJlYWQiOjMwMDAwMDAwMDAwMCwidXBkYXRlIjo1NDAwMDAwMDAwMDAwfX0="
        }
      ]
    },
    {
      "mode": "managed",
      "type": "azurerm_storage_account",
      "name": "terraform-storage-account",
      "provider": "provider[\"registry.terraform.io/hashicorp/azurerm\"]",
      "instances": [
        {
          "schema_version": 3,
          "attributes": {
            "access_tier": "Hot",
            "account_kind": "StorageV2",
            "account_replication_type": "GRS",
            "account_tier": "Standard",
            "allow_nested_items_to_be_public": true,
            "azure_files_authentication": [],
            "blob_properties": [
              {
                "change_feed_enabled": false,
                "container_delete_retention_policy": [],
                "cors_rule": [],
                "default_service_version": "",
                "delete_retention_policy": [],
                "last_access_time_enabled": false,
                "versioning_enabled": false
              }
            ],
            "custom_domain": [],
            "customer_managed_key": [],
            "edge_zone": "",
            "enable_https_traffic_only": true,
            "id": "/subscriptions/7ada109a-12b9-4f5c-b56f-0cf93704589a/resourceGroups/resource-mahmut/providers/Microsoft.Storage/storageAccounts/mahmutterrafomstorage",
            "identity": [],
            "infrastructure_encryption_enabled": false,
            "is_hns_enabled": false,
            "large_file_share_enabled": null,
            "location": "eastus",
            "min_tls_version": "TLS1_2",
            "name": "mahmutterrafomstorage",
            "network_rules": [
              {
                "bypass": [
                  "AzureServices"
                ],
                "default_action": "Allow",
                "ip_rules": [],
                "private_link_access": [],
                "virtual_network_subnet_ids": []
              }
            ],
            "nfsv3_enabled": false,
            "primary_access_key": "bgkIt3R/4EcM7uKYhgr3/9N4aX7xJbFOgmM8yrYeZxuUIV+35oEzpIg16QaR4q7C3xfwO3FC7AN9+AStHt/F6Q==",
            "primary_blob_connection_string": "DefaultEndpointsProtocol=https;BlobEndpoint=https://mahmutterrafomstorage.blob.core.windows.net/;AccountName=mahmutterrafomstorage;AccountKey=bgkIt3R/4EcM7uKYhgr3/9N4aX7xJbFOgmM8yrYeZxuUIV+35oEzpIg16QaR4q7C3xfwO3FC7AN9+AStHt/F6Q==",
            "primary_blob_endpoint": "https://mahmutterrafomstorage.blob.core.windows.net/",
            "primary_blob_host": "mahmutterrafomstorage.blob.core.windows.net",
            "primary_connection_string": "DefaultEndpointsProtocol=https;AccountName=mahmutterrafomstorage;AccountKey=bgkIt3R/4EcM7uKYhgr3/9N4aX7xJbFOgmM8yrYeZxuUIV+35oEzpIg16QaR4q7C3xfwO3FC7AN9+AStHt/F6Q==;EndpointSuffix=core.windows.net",
            "primary_dfs_endpoint": "https://mahmutterrafomstorage.dfs.core.windows.net/",
            "primary_dfs_host": "mahmutterrafomstorage.dfs.core.windows.net",
            "primary_file_endpoint": "https://mahmutterrafomstorage.file.core.windows.net/",
            "primary_file_host": "mahmutterrafomstorage.file.core.windows.net",
            "primary_location": "eastus",
            "primary_queue_endpoint": "https://mahmutterrafomstorage.queue.core.windows.net/",
            "primary_queue_host": "mahmutterrafomstorage.queue.core.windows.net",
            "primary_table_endpoint": "https://mahmutterrafomstorage.table.core.windows.net/",
            "primary_table_host": "mahmutterrafomstorage.table.core.windows.net",
            "primary_web_endpoint": "https://mahmutterrafomstorage.z13.web.core.windows.net/",
            "primary_web_host": "mahmutterrafomstorage.z13.web.core.windows.net",
            "queue_encryption_key_type": "Service",
            "queue_properties": [
              {
                "cors_rule": [],
                "hour_metrics": [
                  {
                    "enabled": true,
                    "include_apis": true,
                    "retention_policy_days": 7,
                    "version": "1.0"
                  }
                ],
                "logging": [
                  {
                    "delete": false,
                    "read": false,
                    "retention_policy_days": 0,
                    "version": "1.0",
                    "write": false
                  }
                ],
                "minute_metrics": [
                  {
                    "enabled": false,
                    "include_apis": false,
                    "retention_policy_days": 0,
                    "version": "1.0"
                  }
                ]
              }
            ],
            "resource_group_name": "resource-mahmut",
            "routing": [],
            "secondary_access_key": "XT1qZpO5FH/1vyovfsHEUZcBxDiRPik3Ws1BZAlA5rfbwSskfCDe+pzHEkuaA5OhkeXjmiPEwV5Z+AStCW3wCw==",
            "secondary_blob_connection_string": "",
            "secondary_blob_endpoint": null,
            "secondary_blob_host": null,
            "secondary_connection_string": "DefaultEndpointsProtocol=https;AccountName=mahmutterrafomstorage;AccountKey=XT1qZpO5FH/1vyovfsHEUZcBxDiRPik3Ws1BZAlA5rfbwSskfCDe+pzHEkuaA5OhkeXjmiPEwV5Z+AStCW3wCw==;EndpointSuffix=core.windows.net",
            "secondary_dfs_endpoint": null,
            "secondary_dfs_host": null,
            "secondary_file_endpoint": null,
            "secondary_file_host": null,
            "secondary_location": "westus",
            "secondary_queue_endpoint": null,
            "secondary_queue_host": null,
            "secondary_table_endpoint": null,
            "secondary_table_host": null,
            "secondary_web_endpoint": null,
            "secondary_web_host": null,
            "share_properties": [
              {
                "cors_rule": [],
                "retention_policy": [
                  {
                    "days": 7
                  }
                ],
                "smb": []
              }
            ],
            "shared_access_key_enabled": true,
            "static_website": [],
            "table_encryption_key_type": "Service",
            "tags": {
              "environment": "staging"
            },
            "timeouts": null
          },
          "sensitive_attributes": [],
          "private": "eyJlMmJmYjczMC1lY2FhLTExZTYtOGY4OC0zNDM2M2JjN2M0YzAiOnsiY3JlYXRlIjozNjAwMDAwMDAwMDAwLCJkZWxldGUiOjM2MDAwMDAwMDAwMDAsInJlYWQiOjMwMDAwMDAwMDAwMCwidXBkYXRlIjozNjAwMDAwMDAwMDAwfSwic2NoZW1hX3ZlcnNpb24iOiIzIn0=",
          "dependencies": [
            "azurerm_resource_group.terraformrgname1"
          ]
        }
      ]
    }
  ],
  "check_results": null
}
